
Microsoft Visual Studio Solution File, Format Version 12.00
# Visual Studio Version 17
VisualStudioVersion = 17.10.35201.131
MinimumVisualStudioVersion = 10.0.40219.1
Project("{FAE04EC0-301F-11D3-BF4B-00C04F79EFBC}") = "RedditStats.Services", "RedditStats.Services\RedditStats.Services.csproj", "{D4FC3909-0F81-4B35-B5B9-B692B5B7CB8D}"
EndProject
Project("{FAE04EC0-301F-11D3-BF4B-00C04F79EFBC}") = "RedditStats.Dto", "RedditStats.Dto\RedditStats.Dto.csproj", "{58F5C2E1-BDC9-4DFB-9B14-68908C5ED856}"
EndProject
Project("{FAE04EC0-301F-11D3-BF4B-00C04F79EFBC}") = "RedditStats.App", "RedditStats.App\RedditStats.App.csproj", "{14D7EE04-D353-45E2-ABCC-25396AE59A7E}"
EndProject
Global
	GlobalSection(SolutionConfigurationPlatforms) = preSolution
		Debug|Any CPU = Debug|Any CPU
		Release|Any CPU = Release|Any CPU
	EndGlobalSection
	GlobalSection(ProjectConfigurationPlatforms) = postSolution
		{D4FC3909-0F81-4B35-B5B9-B692B5B7CB8D}.Debug|Any CPU.ActiveCfg = Debug|Any CPU
		{D4FC3909-0F81-4B35-B5B9-B692B5B7CB8D}.Debug|Any CPU.Build.0 = Debug|Any CPU
		{D4FC3909-0F81-4B35-B5B9-B692B5B7CB8D}.Release|Any CPU.ActiveCfg = Release|Any CPU
		{D4FC3909-0F81-4B35-B5B9-B692B5B7CB8D}.Release|Any CPU.Build.0 = Release|Any CPU
		{58F5C2E1-BDC9-4DFB-9B14-68908C5ED856}.Debug|Any CPU.ActiveCfg = Debug|Any CPU
		{58F5C2E1-BDC9-4DFB-9B14-68908C5ED856}.Debug|Any CPU.Build.0 = Debug|Any CPU
		{58F5C2E1-BDC9-4DFB-9B14-68908C5ED856}.Release|Any CPU.ActiveCfg = Release|Any CPU
		{58F5C2E1-BDC9-4DFB-9B14-68908C5ED856}.Release|Any CPU.Build.0 = Release|Any CPU
		{14D7EE04-D353-45E2-ABCC-25396AE59A7E}.Debug|Any CPU.ActiveCfg = Debug|Any CPU
		{14D7EE04-D353-45E2-ABCC-25396AE59A7E}.Debug|Any CPU.Build.0 = Debug|Any CPU
		{14D7EE04-D353-45E2-ABCC-25396AE59A7E}.Release|Any CPU.ActiveCfg = Release|Any CPU
		{14D7EE04-D353-45E2-ABCC-25396AE59A7E}.Release|Any CPU.Build.0 = Release|Any CPU
	EndGlobalSection
	GlobalSection(SolutionProperties) = preSolution
		HideSolutionNode = FALSE
	EndGlobalSection
	GlobalSection(ExtensibilityGlobals) = postSolution
		SolutionGuid = {02BD25B7-E5B7-4EF6-AC5B-6143AD166232}
	EndGlobalSection
EndGlobal
